{
  "name": "hs-miner-sandbox",
  "version": "1.0.0",
  "lockfileVersion": 1,
  "requires": true,
  "dependencies": {
    "bcfg": {
      "version": "0.1.3",
      "resolved": "https://registry.npmjs.org/bcfg/-/bcfg-0.1.3.tgz",
      "integrity": "sha512-N/ZpKumfVYcAE5nYc0t4guvMGmtFaFn2QLUVZ0+0e1DBoRR7U6uh94pES7d2R7BKiYuVN1EI9bgOGmWGK4Kvig==",
      "optional": true,
      "requires": {
        "bsert": "~0.0.4"
      }
    },
    "bindings": {
      "version": "1.3.1",
      "resolved": "https://registry.npmjs.org/bindings/-/bindings-1.3.1.tgz",
      "integrity": "sha512-i47mqjF9UbjxJhxGf+pZ6kSxrnI3wBLlnGI2ArWJ4r0VrvDS7ZYXkprq/pLaBWYq4GM0r4zdHY+NNRqEMU7uew=="
    },
    "brq": {
      "version": "0.1.3",
      "resolved": "https://registry.npmjs.org/brq/-/brq-0.1.3.tgz",
      "integrity": "sha512-3wTf6IXQInJ8MedIuWmFcKL33dce7EZ7fY5aDSxzStSuvuODmpjXqNhxJ8RZ497l9CDA55Eyq1g1fJrT4LSfQQ==",
      "optional": true,
      "requires": {
        "bsert": "~0.0.4"
      }
    },
    "bsert": {
      "version": "0.0.4",
      "resolved": "https://registry.npmjs.org/bsert/-/bsert-0.0.4.tgz",
      "integrity": "sha512-VReLe1aTaHRmf80YLOHUk8ONQ48SjseZP76GlNIDheD5REYByn/Mm9yrtI0/ZCaFrcfxzgpiw1/hMMCUOSMa3w=="
    },
    "hs-miner": {
      "version": "0.0.3",
      "resolved": "https://registry.npmjs.org/hs-miner/-/hs-miner-0.0.3.tgz",
      "integrity": "sha512-PVLOk+9aWpjtjmvs/V/r3TyMKcFaYe9okCEmUJG98TjuljqlYxJjaAYuTL2n8RvRYdJgmIG8VMOZmN/gegnB0g==",
      "requires": {
        "bcfg": "~0.1.3",
        "bindings": "~1.3.0",
        "brq": "~0.1.3",
        "bsert": "~0.0.4",
        "nan": "~2.11.0"
      }
    },
    "nan": {
      "version": "2.11.1",
      "resolved": "https://registry.npmjs.org/nan/-/nan-2.11.1.tgz",
      "integrity": "sha512-iji6k87OSXa0CcrLl9z+ZiYSuR2o+c0bGuNmXdrhTQTakxytAFsC56SArGYoiHlJlFoHSnvmhpceZJaXkVuOtA=="
    }
  }
}
